// !$*UTF8*$!
{
	archiveVersion = 1;
	classes = {
	};
	objectVersion = 52;
	objects = {

/* Begin PBXBuildFile section */
		060782B2250CE27700A87020 /* AppDelegate.swift in Sources */ = {isa = PBXBuildFile; fileRef = 060782B1250CE27700A87020 /* AppDelegate.swift */; };
		060782B4250CE27700A87020 /* SceneDelegate.swift in Sources */ = {isa = PBXBuildFile; fileRef = 060782B3250CE27700A87020 /* SceneDelegate.swift */; };
		060782B6250CE27700A87020 /* FeedViewController.swift in Sources */ = {isa = PBXBuildFile; fileRef = 060782B5250CE27700A87020 /* FeedViewController.swift */; };
		060782B9250CE27700A87020 /* Main.storyboard in Resources */ = {isa = PBXBuildFile; fileRef = 060782B7250CE27700A87020 /* Main.storyboard */; };
		060782BB250CE27A00A87020 /* Assets.xcassets in Resources */ = {isa = PBXBuildFile; fileRef = 060782BA250CE27A00A87020 /* Assets.xcassets */; };
		060782BE250CE27A00A87020 /* LaunchScreen.storyboard in Resources */ = {isa = PBXBuildFile; fileRef = 060782BC250CE27A00A87020 /* LaunchScreen.storyboard */; };
		060782C6250CEB0A00A87020 /* InfoViewController.swift in Sources */ = {isa = PBXBuildFile; fileRef = 060782C5250CEB0A00A87020 /* InfoViewController.swift */; };
		060782C8250CEE5D00A87020 /* PostViewController.swift in Sources */ = {isa = PBXBuildFile; fileRef = 060782C7250CEE5D00A87020 /* PostViewController.swift */; };
		7656EA0ABC8DE22DB6DC5D3E /* Pods_StorageServices.framework in Frameworks */ = {isa = PBXBuildFile; fileRef = 3940FAD84E8F993A6C130074 /* Pods_StorageServices.framework */; };
		93DA2482C65E56D3527720B9 /* Pods_Navigation.framework in Frameworks */ = {isa = PBXBuildFile; fileRef = 91F572877BD2E6F0F59AE05A /* Pods_Navigation.framework */; };
		CB0508582677D8B9007D2BAB /* LoginViewController.swift in Sources */ = {isa = PBXBuildFile; fileRef = CB0508572677D8B9007D2BAB /* LoginViewController.swift */; };
		CB245C182812F128007B1596 /* PhotosTableViewCell.swift in Sources */ = {isa = PBXBuildFile; fileRef = CB245C172812F128007B1596 /* PhotosTableViewCell.swift */; };
		CB24CA1B281AC80A00EB71F8 /* iOSIntPackage in Frameworks */ = {isa = PBXBuildFile; productRef = CB24CA1A281AC80A00EB71F8 /* iOSIntPackage */; };
		CB4B71C328326D1600F1F810 /* Checker.swift in Sources */ = {isa = PBXBuildFile; fileRef = CB4B71C228326D1600F1F810 /* Checker.swift */; };
		CB4B71C528327D9B00F1F810 /* LoginInspector.swift in Sources */ = {isa = PBXBuildFile; fileRef = CB4B71C428327D9B00F1F810 /* LoginInspector.swift */; };
		CB4B71C72834F0A200F1F810 /* MyLoginFactory.swift in Sources */ = {isa = PBXBuildFile; fileRef = CB4B71C62834F0A200F1F810 /* MyLoginFactory.swift */; };
		CB5039AC2818457F00E5E077 /* PhotosViewController.swift in Sources */ = {isa = PBXBuildFile; fileRef = CB5039AB2818457F00E5E077 /* PhotosViewController.swift */; };
		CB5039AE2818511200E5E077 /* Photos.swift in Sources */ = {isa = PBXBuildFile; fileRef = CB5039AD2818511200E5E077 /* Photos.swift */; };
		CB5039B02818588100E5E077 /* PhotosCollectionViewCell.swift in Sources */ = {isa = PBXBuildFile; fileRef = CB5039AF2818588100E5E077 /* PhotosCollectionViewCell.swift */; };
		CB75048826664AFA00D39751 /* ProfileViewController.swift in Sources */ = {isa = PBXBuildFile; fileRef = CB75048726664AFA00D39751 /* ProfileViewController.swift */; };
		CB8396152692230F002C1085 /* FeedTableViewCell.swift in Sources */ = {isa = PBXBuildFile; fileRef = CB8396142692230F002C1085 /* FeedTableViewCell.swift */; };
		CB8C7BE22819445300C5C246 /* StorageServices.docc in Sources */ = {isa = PBXBuildFile; fileRef = CB8C7BE12819445300C5C246 /* StorageServices.docc */; };
		CB8C7BE32819445300C5C246 /* StorageServices.h in Headers */ = {isa = PBXBuildFile; fileRef = CB8C7BE02819445300C5C246 /* StorageServices.h */; settings = {ATTRIBUTES = (Public, ); }; };
		CB8C7BE62819445300C5C246 /* StorageServices.framework in Frameworks */ = {isa = PBXBuildFile; fileRef = CB8C7BDE2819445300C5C246 /* StorageServices.framework */; };
		CB8C7BE72819445300C5C246 /* StorageServices.framework in Embed Frameworks */ = {isa = PBXBuildFile; fileRef = CB8C7BDE2819445300C5C246 /* StorageServices.framework */; settings = {ATTRIBUTES = (CodeSignOnCopy, RemoveHeadersOnCopy, ); }; };
		CB8C7BEB2819447C00C5C246 /* Post.swift in Sources */ = {isa = PBXBuildFile; fileRef = 060782C9250CEE7200A87020 /* Post.swift */; };
		CB9A6B7F278F4FBD007F8ADF /* ProfileHeaderView.swift in Sources */ = {isa = PBXBuildFile; fileRef = CB9A6B7E278F4FBD007F8ADF /* ProfileHeaderView.swift */; };
		CBC2DE53281BFC7800E546C4 /* User.swift in Sources */ = {isa = PBXBuildFile; fileRef = CBC2DE52281BFC7800E546C4 /* User.swift */; };
		CBC2DE55281C025600E546C4 /* CurrentUserService.swift in Sources */ = {isa = PBXBuildFile; fileRef = CBC2DE54281C025600E546C4 /* CurrentUserService.swift */; };
		CBC33DCB28225D0200990300 /* TestUserService.swift in Sources */ = {isa = PBXBuildFile; fileRef = CBC33DCA28225D0200990300 /* TestUserService.swift */; };
/* End PBXBuildFile section */

/* Begin PBXContainerItemProxy section */
		CB8C7BE42819445300C5C246 /* PBXContainerItemProxy */ = {
			isa = PBXContainerItemProxy;
			containerPortal = 060782A6250CE27700A87020 /* Project object */;
			proxyType = 1;
			remoteGlobalIDString = CB8C7BDD2819445300C5C246;
			remoteInfo = StorageServices;
		};
/* End PBXContainerItemProxy section */

/* Begin PBXCopyFilesBuildPhase section */
		CB8C7B8E2819430500C5C246 /* Embed Frameworks */ = {
			isa = PBXCopyFilesBuildPhase;
			buildActionMask = 2147483647;
			dstPath = "";
			dstSubfolderSpec = 10;
			files = (
				CB8C7BE72819445300C5C246 /* StorageServices.framework in Embed Frameworks */,
			);
			name = "Embed Frameworks";
			runOnlyForDeploymentPostprocessing = 0;
		};
/* End PBXCopyFilesBuildPhase section */

/* Begin PBXFileReference section */
		060782AE250CE27700A87020 /* Navigation.app */ = {isa = PBXFileReference; explicitFileType = wrapper.application; includeInIndex = 0; path = Navigation.app; sourceTree = BUILT_PRODUCTS_DIR; };
		060782B1250CE27700A87020 /* AppDelegate.swift */ = {isa = PBXFileReference; lastKnownFileType = sourcecode.swift; path = AppDelegate.swift; sourceTree = "<group>"; };
		060782B3250CE27700A87020 /* SceneDelegate.swift */ = {isa = PBXFileReference; lastKnownFileType = sourcecode.swift; path = SceneDelegate.swift; sourceTree = "<group>"; };
		060782B5250CE27700A87020 /* FeedViewController.swift */ = {isa = PBXFileReference; lastKnownFileType = sourcecode.swift; path = FeedViewController.swift; sourceTree = "<group>"; };
		060782B8250CE27700A87020 /* Base */ = {isa = PBXFileReference; lastKnownFileType = file.storyboard; name = Base; path = Base.lproj/Main.storyboard; sourceTree = "<group>"; };
		060782BA250CE27A00A87020 /* Assets.xcassets */ = {isa = PBXFileReference; lastKnownFileType = folder.assetcatalog; path = Assets.xcassets; sourceTree = "<group>"; };
		060782BD250CE27A00A87020 /* Base */ = {isa = PBXFileReference; lastKnownFileType = file.storyboard; name = Base; path = Base.lproj/LaunchScreen.storyboard; sourceTree = "<group>"; };
		060782BF250CE27A00A87020 /* Info.plist */ = {isa = PBXFileReference; lastKnownFileType = text.plist.xml; path = Info.plist; sourceTree = "<group>"; };
		060782C5250CEB0A00A87020 /* InfoViewController.swift */ = {isa = PBXFileReference; lastKnownFileType = sourcecode.swift; path = InfoViewController.swift; sourceTree = "<group>"; };
		060782C7250CEE5D00A87020 /* PostViewController.swift */ = {isa = PBXFileReference; lastKnownFileType = sourcecode.swift; path = PostViewController.swift; sourceTree = "<group>"; };
		060782C9250CEE7200A87020 /* Post.swift */ = {isa = PBXFileReference; lastKnownFileType = sourcecode.swift; path = Post.swift; sourceTree = "<group>"; };
		061A921429AF595B48710A2B /* Pods-StorageServices.release.xcconfig */ = {isa = PBXFileReference; includeInIndex = 1; lastKnownFileType = text.xcconfig; name = "Pods-StorageServices.release.xcconfig"; path = "Target Support Files/Pods-StorageServices/Pods-StorageServices.release.xcconfig"; sourceTree = "<group>"; };
		25A2F4811E13F6C753AD0570 /* Pods-StorageServices.debug.xcconfig */ = {isa = PBXFileReference; includeInIndex = 1; lastKnownFileType = text.xcconfig; name = "Pods-StorageServices.debug.xcconfig"; path = "Target Support Files/Pods-StorageServices/Pods-StorageServices.debug.xcconfig"; sourceTree = "<group>"; };
		3940FAD84E8F993A6C130074 /* Pods_StorageServices.framework */ = {isa = PBXFileReference; explicitFileType = wrapper.framework; includeInIndex = 0; path = Pods_StorageServices.framework; sourceTree = BUILT_PRODUCTS_DIR; };
		3F7D1C095C3380EBE4E3BCEF /* Pods-Navigation.release.xcconfig */ = {isa = PBXFileReference; includeInIndex = 1; lastKnownFileType = text.xcconfig; name = "Pods-Navigation.release.xcconfig"; path = "Target Support Files/Pods-Navigation/Pods-Navigation.release.xcconfig"; sourceTree = "<group>"; };
		6D522B17CA8CA0A257BA01CB /* Pods-Navigation.debug.xcconfig */ = {isa = PBXFileReference; includeInIndex = 1; lastKnownFileType = text.xcconfig; name = "Pods-Navigation.debug.xcconfig"; path = "Target Support Files/Pods-Navigation/Pods-Navigation.debug.xcconfig"; sourceTree = "<group>"; };
		91F572877BD2E6F0F59AE05A /* Pods_Navigation.framework */ = {isa = PBXFileReference; explicitFileType = wrapper.framework; includeInIndex = 0; path = Pods_Navigation.framework; sourceTree = BUILT_PRODUCTS_DIR; };
		CB0508572677D8B9007D2BAB /* LoginViewController.swift */ = {isa = PBXFileReference; lastKnownFileType = sourcecode.swift; path = LoginViewController.swift; sourceTree = SOURCE_ROOT; };
		CB245C172812F128007B1596 /* PhotosTableViewCell.swift */ = {isa = PBXFileReference; lastKnownFileType = sourcecode.swift; path = PhotosTableViewCell.swift; sourceTree = SOURCE_ROOT; };
		CB4B71C228326D1600F1F810 /* Checker.swift */ = {isa = PBXFileReference; lastKnownFileType = sourcecode.swift; path = Checker.swift; sourceTree = "<group>"; };
		CB4B71C428327D9B00F1F810 /* LoginInspector.swift */ = {isa = PBXFileReference; lastKnownFileType = sourcecode.swift; path = LoginInspector.swift; sourceTree = "<group>"; };
		CB4B71C62834F0A200F1F810 /* MyLoginFactory.swift */ = {isa = PBXFileReference; lastKnownFileType = sourcecode.swift; path = MyLoginFactory.swift; sourceTree = "<group>"; };
		CB5039AB2818457F00E5E077 /* PhotosViewController.swift */ = {isa = PBXFileReference; lastKnownFileType = sourcecode.swift; path = PhotosViewController.swift; sourceTree = SOURCE_ROOT; };
		CB5039AD2818511200E5E077 /* Photos.swift */ = {isa = PBXFileReference; lastKnownFileType = sourcecode.swift; path = Photos.swift; sourceTree = SOURCE_ROOT; };
		CB5039AF2818588100E5E077 /* PhotosCollectionViewCell.swift */ = {isa = PBXFileReference; lastKnownFileType = sourcecode.swift; path = PhotosCollectionViewCell.swift; sourceTree = SOURCE_ROOT; };
		CB75048726664AFA00D39751 /* ProfileViewController.swift */ = {isa = PBXFileReference; lastKnownFileType = sourcecode.swift; path = ProfileViewController.swift; sourceTree = SOURCE_ROOT; };
		CB8396142692230F002C1085 /* FeedTableViewCell.swift */ = {isa = PBXFileReference; lastKnownFileType = sourcecode.swift; path = FeedTableViewCell.swift; sourceTree = SOURCE_ROOT; };
		CB8C7BDE2819445300C5C246 /* StorageServices.framework */ = {isa = PBXFileReference; explicitFileType = wrapper.framework; includeInIndex = 0; path = StorageServices.framework; sourceTree = BUILT_PRODUCTS_DIR; };
		CB8C7BE02819445300C5C246 /* StorageServices.h */ = {isa = PBXFileReference; lastKnownFileType = sourcecode.c.h; path = StorageServices.h; sourceTree = "<group>"; };
		CB8C7BE12819445300C5C246 /* StorageServices.docc */ = {isa = PBXFileReference; lastKnownFileType = folder.documentationcatalog; path = StorageServices.docc; sourceTree = "<group>"; };
		CB9A6B7E278F4FBD007F8ADF /* ProfileHeaderView.swift */ = {isa = PBXFileReference; lastKnownFileType = sourcecode.swift; name = ProfileHeaderView.swift; path = ../../ProfileHeaderView.swift; sourceTree = "<group>"; };
		CBC2DE52281BFC7800E546C4 /* User.swift */ = {isa = PBXFileReference; lastKnownFileType = sourcecode.swift; path = User.swift; sourceTree = "<group>"; };
		CBC2DE54281C025600E546C4 /* CurrentUserService.swift */ = {isa = PBXFileReference; lastKnownFileType = sourcecode.swift; path = CurrentUserService.swift; sourceTree = "<group>"; };
		CBC33DCA28225D0200990300 /* TestUserService.swift */ = {isa = PBXFileReference; lastKnownFileType = sourcecode.swift; path = TestUserService.swift; sourceTree = "<group>"; };
/* End PBXFileReference section */

/* Begin PBXFrameworksBuildPhase section */
		060782AB250CE27700A87020 /* Frameworks */ = {
			isa = PBXFrameworksBuildPhase;
			buildActionMask = 2147483647;
			files = (
				CB8C7BE62819445300C5C246 /* StorageServices.framework in Frameworks */,
				93DA2482C65E56D3527720B9 /* Pods_Navigation.framework in Frameworks */,
			);
			runOnlyForDeploymentPostprocessing = 0;
		};
		CB8C7BDB2819445300C5C246 /* Frameworks */ = {
			isa = PBXFrameworksBuildPhase;
			buildActionMask = 2147483647;
			files = (
				7656EA0ABC8DE22DB6DC5D3E /* Pods_StorageServices.framework in Frameworks */,
				CB24CA1B281AC80A00EB71F8 /* iOSIntPackage in Frameworks */,
			);
			runOnlyForDeploymentPostprocessing = 0;
		};
/* End PBXFrameworksBuildPhase section */

/* Begin PBXGroup section */
		060782A5250CE27700A87020 = {
			isa = PBXGroup;
			children = (
				060782B0250CE27700A87020 /* Navigation */,
				CB8C7BDF2819445300C5C246 /* StorageServices */,
				060782AF250CE27700A87020 /* Products */,
				BBFE37E4EEED808BACB65BA3 /* Pods */,
				FCC7D075C1EAFFDEBCC91BD9 /* Frameworks */,
			);
			sourceTree = "<group>";
		};
		060782AF250CE27700A87020 /* Products */ = {
			isa = PBXGroup;
			children = (
				060782AE250CE27700A87020 /* Navigation.app */,
				CB8C7BDE2819445300C5C246 /* StorageServices.framework */,
			);
			name = Products;
			sourceTree = "<group>";
		};
		060782B0250CE27700A87020 /* Navigation */ = {
			isa = PBXGroup;
			children = (
				CB75048426664A8E00D39751 /* Profile */,
				060782B1250CE27700A87020 /* AppDelegate.swift */,
				060782B3250CE27700A87020 /* SceneDelegate.swift */,
				060782B5250CE27700A87020 /* FeedViewController.swift */,
				060782B7250CE27700A87020 /* Main.storyboard */,
				060782BA250CE27A00A87020 /* Assets.xcassets */,
				060782BC250CE27A00A87020 /* LaunchScreen.storyboard */,
				060782BF250CE27A00A87020 /* Info.plist */,
				060782C5250CEB0A00A87020 /* InfoViewController.swift */,
				060782C7250CEE5D00A87020 /* PostViewController.swift */,
				060782C9250CEE7200A87020 /* Post.swift */,
			);
			path = Navigation;
			sourceTree = "<group>";
		};
		BBFE37E4EEED808BACB65BA3 /* Pods */ = {
			isa = PBXGroup;
			children = (
				6D522B17CA8CA0A257BA01CB /* Pods-Navigation.debug.xcconfig */,
				3F7D1C095C3380EBE4E3BCEF /* Pods-Navigation.release.xcconfig */,
				25A2F4811E13F6C753AD0570 /* Pods-StorageServices.debug.xcconfig */,
				061A921429AF595B48710A2B /* Pods-StorageServices.release.xcconfig */,
			);
			path = Pods;
			sourceTree = "<group>";
		};
		CB75048426664A8E00D39751 /* Profile */ = {
			isa = PBXGroup;
			children = (
				CB4B71C62834F0A200F1F810 /* MyLoginFactory.swift */,
				CB4B71C428327D9B00F1F810 /* LoginInspector.swift */,
				CB4B71C228326D1600F1F810 /* Checker.swift */,
				CBC33DCA28225D0200990300 /* TestUserService.swift */,
				CBC2DE54281C025600E546C4 /* CurrentUserService.swift */,
				CBC2DE52281BFC7800E546C4 /* User.swift */,
				CB5039AF2818588100E5E077 /* PhotosCollectionViewCell.swift */,
				CB5039AB2818457F00E5E077 /* PhotosViewController.swift */,
				CB245C172812F128007B1596 /* PhotosTableViewCell.swift */,
				CB5039AD2818511200E5E077 /* Photos.swift */,
				CB8396142692230F002C1085 /* FeedTableViewCell.swift */,
				CB0508572677D8B9007D2BAB /* LoginViewController.swift */,
				CB9A6B7E278F4FBD007F8ADF /* ProfileHeaderView.swift */,
				CB75048726664AFA00D39751 /* ProfileViewController.swift */,
			);
			path = Profile;
			sourceTree = "<group>";
		};
		CB8C7BDF2819445300C5C246 /* StorageServices */ = {
			isa = PBXGroup;
			children = (
				CB8C7BE02819445300C5C246 /* StorageServices.h */,
				CB8C7BE12819445300C5C246 /* StorageServices.docc */,
			);
			path = StorageServices;
			sourceTree = "<group>";
		};
		FCC7D075C1EAFFDEBCC91BD9 /* Frameworks */ = {
			isa = PBXGroup;
			children = (
				91F572877BD2E6F0F59AE05A /* Pods_Navigation.framework */,
				3940FAD84E8F993A6C130074 /* Pods_StorageServices.framework */,
			);
			name = Frameworks;
			sourceTree = "<group>";
		};
/* End PBXGroup section */

/* Begin PBXHeadersBuildPhase section */
		CB8C7BD92819445300C5C246 /* Headers */ = {
			isa = PBXHeadersBuildPhase;
			buildActionMask = 2147483647;
			files = (
				CB8C7BE32819445300C5C246 /* StorageServices.h in Headers */,
			);
			runOnlyForDeploymentPostprocessing = 0;
		};
/* End PBXHeadersBuildPhase section */

/* Begin PBXNativeTarget section */
		060782AD250CE27700A87020 /* Navigation */ = {
			isa = PBXNativeTarget;
			buildConfigurationList = 060782C2250CE27A00A87020 /* Build configuration list for PBXNativeTarget "Navigation" */;
			buildPhases = (
				04EC96FE6B316A80DF11FAAD /* [CP] Check Pods Manifest.lock */,
				060782AA250CE27700A87020 /* Sources */,
				060782AB250CE27700A87020 /* Frameworks */,
				060782AC250CE27700A87020 /* Resources */,
				CB8C7B8E2819430500C5C246 /* Embed Frameworks */,
				77CB9EE842CF261E56CF338C /* [CP] Embed Pods Frameworks */,
			);
			buildRules = (
			);
			dependencies = (
				CB8C7BE52819445300C5C246 /* PBXTargetDependency */,
			);
			name = Navigation;
			packageProductDependencies = (
			);
			productName = Navigation;
			productReference = 060782AE250CE27700A87020 /* Navigation.app */;
			productType = "com.apple.product-type.application";
		};
		CB8C7BDD2819445300C5C246 /* StorageServices */ = {
			isa = PBXNativeTarget;
			buildConfigurationList = CB8C7BEA2819445300C5C246 /* Build configuration list for PBXNativeTarget "StorageServices" */;
			buildPhases = (
				7E73017BD20649C269DC46E3 /* [CP] Check Pods Manifest.lock */,
				CB8C7BD92819445300C5C246 /* Headers */,
				CB8C7BDA2819445300C5C246 /* Sources */,
				CB8C7BDB2819445300C5C246 /* Frameworks */,
				CB8C7BDC2819445300C5C246 /* Resources */,
			);
			buildRules = (
			);
			dependencies = (
			);
			name = StorageServices;
			packageProductDependencies = (
				CB24CA1A281AC80A00EB71F8 /* iOSIntPackage */,
			);
			productName = StorageServices;
			productReference = CB8C7BDE2819445300C5C246 /* StorageServices.framework */;
			productType = "com.apple.product-type.framework";
		};
/* End PBXNativeTarget section */

/* Begin PBXProject section */
		060782A6250CE27700A87020 /* Project object */ = {
			isa = PBXProject;
			attributes = {
				LastSwiftUpdateCheck = 1330;
				LastUpgradeCheck = 1250;
				ORGANIZATIONNAME = "Artem Novichkov";
				TargetAttributes = {
					060782AD250CE27700A87020 = {
						CreatedOnToolsVersion = 11.7;
					};
					CB8C7BDD2819445300C5C246 = {
						CreatedOnToolsVersion = 13.3.1;
					};
				};
			};
			buildConfigurationList = 060782A9250CE27700A87020 /* Build configuration list for PBXProject "Navigation" */;
			compatibilityVersion = "Xcode 9.3";
			developmentRegion = en;
			hasScannedForEncodings = 0;
			knownRegions = (
				en,
				Base,
			);
			mainGroup = 060782A5250CE27700A87020;
			packageReferences = (
				CB24CA17281ABFFA00EB71F8 /* XCRemoteSwiftPackageReference "iOSIntPackage" */,
			);
			productRefGroup = 060782AF250CE27700A87020 /* Products */;
			projectDirPath = "";
			projectRoot = "";
			targets = (
				060782AD250CE27700A87020 /* Navigation */,
				CB8C7BDD2819445300C5C246 /* StorageServices */,
			);
		};
/* End PBXProject section */

/* Begin PBXResourcesBuildPhase section */
		060782AC250CE27700A87020 /* Resources */ = {
			isa = PBXResourcesBuildPhase;
			buildActionMask = 2147483647;
			files = (
				060782BE250CE27A00A87020 /* LaunchScreen.storyboard in Resources */,
				060782BB250CE27A00A87020 /* Assets.xcassets in Resources */,
				060782B9250CE27700A87020 /* Main.storyboard in Resources */,
			);
			runOnlyForDeploymentPostprocessing = 0;
		};
		CB8C7BDC2819445300C5C246 /* Resources */ = {
			isa = PBXResourcesBuildPhase;
			buildActionMask = 2147483647;
			files = (
			);
			runOnlyForDeploymentPostprocessing = 0;
		};
/* End PBXResourcesBuildPhase section */

/* Begin PBXShellScriptBuildPhase section */
		04EC96FE6B316A80DF11FAAD /* [CP] Check Pods Manifest.lock */ = {
			isa = PBXShellScriptBuildPhase;
			buildActionMask = 2147483647;
			files = (
			);
			inputFileListPaths = (
			);
			inputPaths = (
				"${PODS_PODFILE_DIR_PATH}/Podfile.lock",
				"${PODS_ROOT}/Manifest.lock",
			);
			name = "[CP] Check Pods Manifest.lock";
			outputFileListPaths = (
			);
			outputPaths = (
				"$(DERIVED_FILE_DIR)/Pods-Navigation-checkManifestLockResult.txt",
			);
			runOnlyForDeploymentPostprocessing = 0;
			shellPath = /bin/sh;
			shellScript = "diff \"${PODS_PODFILE_DIR_PATH}/Podfile.lock\" \"${PODS_ROOT}/Manifest.lock\" > /dev/null\nif [ $? != 0 ] ; then\n    # print error to STDERR\n    echo \"error: The sandbox is not in sync with the Podfile.lock. Run 'pod install' or update your CocoaPods installation.\" >&2\n    exit 1\nfi\n# This output is used by Xcode 'outputs' to avoid re-running this script phase.\necho \"SUCCESS\" > \"${SCRIPT_OUTPUT_FILE_0}\"\n";
			showEnvVarsInLog = 0;
		};
		77CB9EE842CF261E56CF338C /* [CP] Embed Pods Frameworks */ = {
			isa = PBXShellScriptBuildPhase;
			buildActionMask = 2147483647;
			files = (
			);
			inputFileListPaths = (
				"${PODS_ROOT}/Target Support Files/Pods-Navigation/Pods-Navigation-frameworks-${CONFIGURATION}-input-files.xcfilelist",
			);
			name = "[CP] Embed Pods Frameworks";
			outputFileListPaths = (
				"${PODS_ROOT}/Target Support Files/Pods-Navigation/Pods-Navigation-frameworks-${CONFIGURATION}-output-files.xcfilelist",
			);
			runOnlyForDeploymentPostprocessing = 0;
			shellPath = /bin/sh;
			shellScript = "\"${PODS_ROOT}/Target Support Files/Pods-Navigation/Pods-Navigation-frameworks.sh\"\n";
			showEnvVarsInLog = 0;
		};
		7E73017BD20649C269DC46E3 /* [CP] Check Pods Manifest.lock */ = {
			isa = PBXShellScriptBuildPhase;
			buildActionMask = 2147483647;
			files = (
			);
			inputFileListPaths = (
			);
			inputPaths = (
				"${PODS_PODFILE_DIR_PATH}/Podfile.lock",
				"${PODS_ROOT}/Manifest.lock",
			);
			name = "[CP] Check Pods Manifest.lock";
			outputFileListPaths = (
			);
			outputPaths = (
				"$(DERIVED_FILE_DIR)/Pods-StorageServices-checkManifestLockResult.txt",
			);
			runOnlyForDeploymentPostprocessing = 0;
			shellPath = /bin/sh;
			shellScript = "diff \"${PODS_PODFILE_DIR_PATH}/Podfile.lock\" \"${PODS_ROOT}/Manifest.lock\" > /dev/null\nif [ $? != 0 ] ; then\n    # print error to STDERR\n    echo \"error: The sandbox is not in sync with the Podfile.lock. Run 'pod install' or update your CocoaPods installation.\" >&2\n    exit 1\nfi\n# This output is used by Xcode 'outputs' to avoid re-running this script phase.\necho \"SUCCESS\" > \"${SCRIPT_OUTPUT_FILE_0}\"\n";
			showEnvVarsInLog = 0;
		};
/* End PBXShellScriptBuildPhase section */

/* Begin PBXSourcesBuildPhase section */
		060782AA250CE27700A87020 /* Sources */ = {
			isa = PBXSourcesBuildPhase;
			buildActionMask = 2147483647;
			files = (
				CBC33DCB28225D0200990300 /* TestUserService.swift in Sources */,
				CB0508582677D8B9007D2BAB /* LoginViewController.swift in Sources */,
				CB4B71C72834F0A200F1F810 /* MyLoginFactory.swift in Sources */,
				CB5039B02818588100E5E077 /* PhotosCollectionViewCell.swift in Sources */,
				060782B6250CE27700A87020 /* FeedViewController.swift in Sources */,
				060782B2250CE27700A87020 /* AppDelegate.swift in Sources */,
				CB245C182812F128007B1596 /* PhotosTableViewCell.swift in Sources */,
				060782C6250CEB0A00A87020 /* InfoViewController.swift in Sources */,
				CBC2DE53281BFC7800E546C4 /* User.swift in Sources */,
				CB4B71C328326D1600F1F810 /* Checker.swift in Sources */,
				CB4B71C528327D9B00F1F810 /* LoginInspector.swift in Sources */,
				CB8396152692230F002C1085 /* FeedTableViewCell.swift in Sources */,
				060782B4250CE27700A87020 /* SceneDelegate.swift in Sources */,
				CB9A6B7F278F4FBD007F8ADF /* ProfileHeaderView.swift in Sources */,
				CBC2DE55281C025600E546C4 /* CurrentUserService.swift in Sources */,
				CB5039AC2818457F00E5E077 /* PhotosViewController.swift in Sources */,
				CB5039AE2818511200E5E077 /* Photos.swift in Sources */,
				CB75048826664AFA00D39751 /* ProfileViewController.swift in Sources */,
				060782C8250CEE5D00A87020 /* PostViewController.swift in Sources */,
			);
			runOnlyForDeploymentPostprocessing = 0;
		};
		CB8C7BDA2819445300C5C246 /* Sources */ = {
			isa = PBXSourcesBuildPhase;
			buildActionMask = 2147483647;
			files = (
				CB8C7BE22819445300C5C246 /* StorageServices.docc in Sources */,
				CB8C7BEB2819447C00C5C246 /* Post.swift in Sources */,
			);
			runOnlyForDeploymentPostprocessing = 0;
		};
/* End PBXSourcesBuildPhase section */

/* Begin PBXTargetDependency section */
		CB8C7BE52819445300C5C246 /* PBXTargetDependency */ = {
			isa = PBXTargetDependency;
			target = CB8C7BDD2819445300C5C246 /* StorageServices */;
			targetProxy = CB8C7BE42819445300C5C246 /* PBXContainerItemProxy */;
		};
/* End PBXTargetDependency section */

/* Begin PBXVariantGroup section */
		060782B7250CE27700A87020 /* Main.storyboard */ = {
			isa = PBXVariantGroup;
			children = (
				060782B8250CE27700A87020 /* Base */,
			);
			name = Main.storyboard;
			sourceTree = "<group>";
		};
		060782BC250CE27A00A87020 /* LaunchScreen.storyboard */ = {
			isa = PBXVariantGroup;
			children = (
				060782BD250CE27A00A87020 /* Base */,
			);
			name = LaunchScreen.storyboard;
			sourceTree = "<group>";
		};
/* End PBXVariantGroup section */

/* Begin XCBuildConfiguration section */
		060782C0250CE27A00A87020 /* Debug */ = {
			isa = XCBuildConfiguration;
			buildSettings = {
				ALWAYS_SEARCH_USER_PATHS = NO;
				CLANG_ANALYZER_NONNULL = YES;
				CLANG_ANALYZER_NUMBER_OBJECT_CONVERSION = YES_AGGRESSIVE;
				CLANG_CXX_LANGUAGE_STANDARD = "gnu++14";
				CLANG_CXX_LIBRARY = "libc++";
				CLANG_ENABLE_MODULES = YES;
				CLANG_ENABLE_OBJC_ARC = YES;
				CLANG_ENABLE_OBJC_WEAK = YES;
				CLANG_WARN_BLOCK_CAPTURE_AUTORELEASING = YES;
				CLANG_WARN_BOOL_CONVERSION = YES;
				CLANG_WARN_COMMA = YES;
				CLANG_WARN_CONSTANT_CONVERSION = YES;
				CLANG_WARN_DEPRECATED_OBJC_IMPLEMENTATIONS = YES;
				CLANG_WARN_DIRECT_OBJC_ISA_USAGE = YES_ERROR;
				CLANG_WARN_DOCUMENTATION_COMMENTS = YES;
				CLANG_WARN_EMPTY_BODY = YES;
				CLANG_WARN_ENUM_CONVERSION = YES;
				CLANG_WARN_INFINITE_RECURSION = YES;
				CLANG_WARN_INT_CONVERSION = YES;
				CLANG_WARN_NON_LITERAL_NULL_CONVERSION = YES;
				CLANG_WARN_OBJC_IMPLICIT_RETAIN_SELF = YES;
				CLANG_WARN_OBJC_LITERAL_CONVERSION = YES;
				CLANG_WARN_OBJC_ROOT_CLASS = YES_ERROR;
				CLANG_WARN_QUOTED_INCLUDE_IN_FRAMEWORK_HEADER = YES;
				CLANG_WARN_RANGE_LOOP_ANALYSIS = YES;
				CLANG_WARN_STRICT_PROTOTYPES = YES;
				CLANG_WARN_SUSPICIOUS_MOVE = YES;
				CLANG_WARN_UNGUARDED_AVAILABILITY = YES_AGGRESSIVE;
				CLANG_WARN_UNREACHABLE_CODE = YES;
				CLANG_WARN__DUPLICATE_METHOD_MATCH = YES;
				COPY_PHASE_STRIP = NO;
				DEBUG_INFORMATION_FORMAT = dwarf;
				ENABLE_STRICT_OBJC_MSGSEND = YES;
				ENABLE_TESTABILITY = YES;
				GCC_C_LANGUAGE_STANDARD = gnu11;
				GCC_DYNAMIC_NO_PIC = NO;
				GCC_NO_COMMON_BLOCKS = YES;
				GCC_OPTIMIZATION_LEVEL = 0;
				GCC_PREPROCESSOR_DEFINITIONS = (
					"DEBUG=1",
					"$(inherited)",
				);
				GCC_WARN_64_TO_32_BIT_CONVERSION = YES;
				GCC_WARN_ABOUT_RETURN_TYPE = YES_ERROR;
				GCC_WARN_UNDECLARED_SELECTOR = YES;
				GCC_WARN_UNINITIALIZED_AUTOS = YES_AGGRESSIVE;
				GCC_WARN_UNUSED_FUNCTION = YES;
				GCC_WARN_UNUSED_VARIABLE = YES;
				IPHONEOS_DEPLOYMENT_TARGET = 15.4;
				MTL_ENABLE_DEBUG_INFO = INCLUDE_SOURCE;
				MTL_FAST_MATH = YES;
				ONLY_ACTIVE_ARCH = YES;
				SDKROOT = iphoneos;
				SWIFT_ACTIVE_COMPILATION_CONDITIONS = DEBUG;
				SWIFT_OPTIMIZATION_LEVEL = "-Onone";
			};
			name = Debug;
		};
		060782C1250CE27A00A87020 /* Release */ = {
			isa = XCBuildConfiguration;
			buildSettings = {
				ALWAYS_SEARCH_USER_PATHS = NO;
				CLANG_ANALYZER_NONNULL = YES;
				CLANG_ANALYZER_NUMBER_OBJECT_CONVERSION = YES_AGGRESSIVE;
				CLANG_CXX_LANGUAGE_STANDARD = "gnu++14";
				CLANG_CXX_LIBRARY = "libc++";
				CLANG_ENABLE_MODULES = YES;
				CLANG_ENABLE_OBJC_ARC = YES;
				CLANG_ENABLE_OBJC_WEAK = YES;
				CLANG_WARN_BLOCK_CAPTURE_AUTORELEASING = YES;
				CLANG_WARN_BOOL_CONVERSION = YES;
				CLANG_WARN_COMMA = YES;
				CLANG_WARN_CONSTANT_CONVERSION = YES;
				CLANG_WARN_DEPRECATED_OBJC_IMPLEMENTATIONS = YES;
				CLANG_WARN_DIRECT_OBJC_ISA_USAGE = YES_ERROR;
				CLANG_WARN_DOCUMENTATION_COMMENTS = YES;
				CLANG_WARN_EMPTY_BODY = YES;
				CLANG_WARN_ENUM_CONVERSION = YES;
				CLANG_WARN_INFINITE_RECURSION = YES;
				CLANG_WARN_INT_CONVERSION = YES;
				CLANG_WARN_NON_LITERAL_NULL_CONVERSION = YES;
				CLANG_WARN_OBJC_IMPLICIT_RETAIN_SELF = YES;
				CLANG_WARN_OBJC_LITERAL_CONVERSION = YES;
				CLANG_WARN_OBJC_ROOT_CLASS = YES_ERROR;
				CLANG_WARN_QUOTED_INCLUDE_IN_FRAMEWORK_HEADER = YES;
				CLANG_WARN_RANGE_LOOP_ANALYSIS = YES;
				CLANG_WARN_STRICT_PROTOTYPES = YES;
				CLANG_WARN_SUSPICIOUS_MOVE = YES;
				CLANG_WARN_UNGUARDED_AVAILABILITY = YES_AGGRESSIVE;
				CLANG_WARN_UNREACHABLE_CODE = YES;
				CLANG_WARN__DUPLICATE_METHOD_MATCH = YES;
				COPY_PHASE_STRIP = NO;
				DEBUG_INFORMATION_FORMAT = "dwarf-with-dsym";
				ENABLE_NS_ASSERTIONS = NO;
				ENABLE_STRICT_OBJC_MSGSEND = YES;
				GCC_C_LANGUAGE_STANDARD = gnu11;
				GCC_NO_COMMON_BLOCKS = YES;
				GCC_WARN_64_TO_32_BIT_CONVERSION = YES;
				GCC_WARN_ABOUT_RETURN_TYPE = YES_ERROR;
				GCC_WARN_UNDECLARED_SELECTOR = YES;
				GCC_WARN_UNINITIALIZED_AUTOS = YES_AGGRESSIVE;
				GCC_WARN_UNUSED_FUNCTION = YES;
				GCC_WARN_UNUSED_VARIABLE = YES;
				IPHONEOS_DEPLOYMENT_TARGET = 15.4;
				MTL_ENABLE_DEBUG_INFO = NO;
				MTL_FAST_MATH = YES;
				SDKROOT = iphoneos;
				SWIFT_COMPILATION_MODE = wholemodule;
				SWIFT_OPTIMIZATION_LEVEL = "-O";
				VALIDATE_PRODUCT = YES;
			};
			name = Release;
		};
		060782C3250CE27A00A87020 /* Debug */ = {
			isa = XCBuildConfiguration;
			baseConfigurationReference = 6D522B17CA8CA0A257BA01CB /* Pods-Navigation.debug.xcconfig */;
			buildSettings = {
				ALWAYS_EMBED_SWIFT_STANDARD_LIBRARIES = YES;
				ASSETCATALOG_COMPILER_APPICON_NAME = AppIcon;
				CODE_SIGN_STYLE = Automatic;
				DEVELOPMENT_TEAM = Y5B46GH7KM;
				INFOPLIST_FILE = Navigation/Info.plist;
				IPHONEOS_DEPLOYMENT_TARGET = 15.4;
				LD_RUNPATH_SEARCH_PATHS = (
					"$(inherited)",
					"@executable_path/Frameworks",
				);
				PRODUCT_BUNDLE_IDENTIFIER = mariamozhaeva.Navigation;
				PRODUCT_NAME = "$(TARGET_NAME)";
				SWIFT_VERSION = 5.0;
				TARGETED_DEVICE_FAMILY = 1;
			};
			name = Debug;
		};
		060782C4250CE27A00A87020 /* Release */ = {
			isa = XCBuildConfiguration;
			baseConfigurationReference = 3F7D1C095C3380EBE4E3BCEF /* Pods-Navigation.release.xcconfig */;
			buildSettings = {
				ALWAYS_EMBED_SWIFT_STANDARD_LIBRARIES = YES;
				ASSETCATALOG_COMPILER_APPICON_NAME = AppIcon;
				CODE_SIGN_STYLE = Automatic;
				DEVELOPMENT_TEAM = Y5B46GH7KM;
				INFOPLIST_FILE = Navigation/Info.plist;
				IPHONEOS_DEPLOYMENT_TARGET = 15.4;
				LD_RUNPATH_SEARCH_PATHS = (
					"$(inherited)",
					"@executable_path/Frameworks",
				);
				PRODUCT_BUNDLE_IDENTIFIER = mariamozhaeva.Navigation;
				PRODUCT_NAME = "$(TARGET_NAME)";
				SWIFT_VERSION = 5.0;
				TARGETED_DEVICE_FAMILY = 1;
			};
			name = Release;
		};
		CB8C7BE82819445300C5C246 /* Debug */ = {
			isa = XCBuildConfiguration;
			baseConfigurationReference = 25A2F4811E13F6C753AD0570 /* Pods-StorageServices.debug.xcconfig */;
			buildSettings = {
				CLANG_CXX_LANGUAGE_STANDARD = "gnu++17";
				CODE_SIGN_STYLE = Automatic;
				CURRENT_PROJECT_VERSION = 1;
				DEFINES_MODULE = YES;
				DEVELOPMENT_TEAM = Y5B46GH7KM;
				DYLIB_COMPATIBILITY_VERSION = 1;
				DYLIB_CURRENT_VERSION = 1;
				DYLIB_INSTALL_NAME_BASE = "@rpath";
				GENERATE_INFOPLIST_FILE = YES;
				INFOPLIST_KEY_NSHumanReadableCopyright = "Copyright © 2022 Artem Novichkov. All rights reserved.";
				INSTALL_PATH = "$(LOCAL_LIBRARY_DIR)/Frameworks";
				IPHONEOS_DEPLOYMENT_TARGET = 15.4;
				LD_RUNPATH_SEARCH_PATHS = (
					"$(inherited)",
					"@executable_path/Frameworks",
					"@loader_path/Frameworks",
				);
				MARKETING_VERSION = 1.0;
				PRODUCT_BUNDLE_IDENTIFIER = mariamozhaeva.StorageServices;
				PRODUCT_NAME = "$(TARGET_NAME:c99extidentifier)";
				SKIP_INSTALL = YES;
				SUPPORTS_MACCATALYST = NO;
				SWIFT_EMIT_LOC_STRINGS = YES;
				SWIFT_VERSION = 5.0;
				TARGETED_DEVICE_FAMILY = 1;
				VERSIONING_SYSTEM = "apple-generic";
				VERSION_INFO_PREFIX = "";
			};
			name = Debug;
		};
		CB8C7BE92819445300C5C246 /* Release */ = {
			isa = XCBuildConfiguration;
			baseConfigurationReference = 061A921429AF595B48710A2B /* Pods-StorageServices.release.xcconfig */;
			buildSettings = {
				CLANG_CXX_LANGUAGE_STANDARD = "gnu++17";
				CODE_SIGN_STYLE = Automatic;
				CURRENT_PROJECT_VERSION = 1;
				DEFINES_MODULE = YES;
				DEVELOPMENT_TEAM = Y5B46GH7KM;
				DYLIB_COMPATIBILITY_VERSION = 1;
				DYLIB_CURRENT_VERSION = 1;
				DYLIB_INSTALL_NAME_BASE = "@rpath";
				GENERATE_INFOPLIST_FILE = YES;
				INFOPLIST_KEY_NSHumanReadableCopyright = "Copyright © 2022 Artem Novichkov. All rights reserved.";
				INSTALL_PATH = "$(LOCAL_LIBRARY_DIR)/Frameworks";
				IPHONEOS_DEPLOYMENT_TARGET = 15.4;
				LD_RUNPATH_SEARCH_PATHS = (
					"$(inherited)",
					"@executable_path/Frameworks",
					"@loader_path/Frameworks",
				);
				MARKETING_VERSION = 1.0;
				PRODUCT_BUNDLE_IDENTIFIER = mariamozhaeva.StorageServices;
				PRODUCT_NAME = "$(TARGET_NAME:c99extidentifier)";
				SKIP_INSTALL = YES;
				SUPPORTS_MACCATALYST = NO;
				SWIFT_EMIT_LOC_STRINGS = YES;
				SWIFT_VERSION = 5.0;
				TARGETED_DEVICE_FAMILY = 1;
				VERSIONING_SYSTEM = "apple-generic";
				VERSION_INFO_PREFIX = "";
			};
			name = Release;
		};
/* End XCBuildConfiguration section */

/* Begin XCConfigurationList section */
		060782A9250CE27700A87020 /* Build configuration list for PBXProject "Navigation" */ = {
			isa = XCConfigurationList;
			buildConfigurations = (
				060782C0250CE27A00A87020 /* Debug */,
				060782C1250CE27A00A87020 /* Release */,
			);
			defaultConfigurationIsVisible = 0;
			defaultConfigurationName = Release;
		};
		060782C2250CE27A00A87020 /* Build configuration list for PBXNativeTarget "Navigation" */ = {
			isa = XCConfigurationList;
			buildConfigurations = (
				060782C3250CE27A00A87020 /* Debug */,
				060782C4250CE27A00A87020 /* Release */,
			);
			defaultConfigurationIsVisible = 0;
			defaultConfigurationName = Release;
		};
		CB8C7BEA2819445300C5C246 /* Build configuration list for PBXNativeTarget "StorageServices" */ = {
			isa = XCConfigurationList;
			buildConfigurations = (
				CB8C7BE82819445300C5C246 /* Debug */,
				CB8C7BE92819445300C5C246 /* Release */,
			);
			defaultConfigurationIsVisible = 0;
			defaultConfigurationName = Release;
		};
/* End XCConfigurationList section */

/* Begin XCRemoteSwiftPackageReference section */
		CB24CA17281ABFFA00EB71F8 /* XCRemoteSwiftPackageReference "iOSIntPackage" */ = {
			isa = XCRemoteSwiftPackageReference;
			repositoryURL = "https://github.com/TrueMax/iOSIntPackage.git";
			requirement = {
				kind = upToNextMajorVersion;
				minimumVersion = 2.0.0;
			};
		};
/* End XCRemoteSwiftPackageReference section */

/* Begin XCSwiftPackageProductDependency section */
		CB24CA1A281AC80A00EB71F8 /* iOSIntPackage */ = {
			isa = XCSwiftPackageProductDependency;
			package = CB24CA17281ABFFA00EB71F8 /* XCRemoteSwiftPackageReference "iOSIntPackage" */;
			productName = iOSIntPackage;
		};
/* End XCSwiftPackageProductDependency section */
	};
	rootObject = 060782A6250CE27700A87020 /* Project object */;
}
